
Microsoft Visual Studio Solution File, Format Version 12.00
# Visual Studio Version 16
VisualStudioVersion = 16.0.28803.202
MinimumVisualStudioVersion = 10.0.40219.1
Project("{FAE04EC0-301F-11D3-BF4B-00C04F79EFBC}") = "Homework_2", "Homework_2\Homework_2.csproj", "{FAAC875A-9D94-4851-8446-FC8B4C081592}"
EndProject
Global
	GlobalSection(SolutionConfigurationPlatforms) = preSolution
		Debug|Any CPU = Debug|Any CPU
		Release|Any CPU = Release|Any CPU
	EndGlobalSection
	GlobalSection(ProjectConfigurationPlatforms) = postSolution
		{FAAC875A-9D94-4851-8446-FC8B4C081592}.Debug|Any CPU.ActiveCfg = Debug|Any CPU
		{FAAC875A-9D94-4851-8446-FC8B4C081592}.Debug|Any CPU.Build.0 = Debug|Any CPU
		{FAAC875A-9D94-4851-8446-FC8B4C081592}.Release|Any CPU.ActiveCfg = Release|Any CPU
		{FAAC875A-9D94-4851-8446-FC8B4C081592}.Release|Any CPU.Build.0 = Release|Any CPU
	EndGlobalSection
	GlobalSection(SolutionProperties) = preSolution
		HideSolutionNode = FALSE
	EndGlobalSection
	GlobalSection(ExtensibilityGlobals) = postSolution
		SolutionGuid = {61D78F39-CE5D-43BE-B67B-34C010741C70}
	EndGlobalSection
EndGlobal
