
Microsoft Visual Studio Solution File, Format Version 12.00
# Visual Studio Version 16
VisualStudioVersion = 16.0.28803.202
MinimumVisualStudioVersion = 10.0.40219.1
Project("{FAE04EC0-301F-11D3-BF4B-00C04F79EFBC}") = "Homework_1", "Homework_1\Homework_1.csproj", "{7937286C-F9D4-43E8-8CE4-48E6914908C0}"
EndProject
Global
	GlobalSection(SolutionConfigurationPlatforms) = preSolution
		Debug|Any CPU = Debug|Any CPU
		Release|Any CPU = Release|Any CPU
	EndGlobalSection
	GlobalSection(ProjectConfigurationPlatforms) = postSolution
		{7937286C-F9D4-43E8-8CE4-48E6914908C0}.Debug|Any CPU.ActiveCfg = Debug|Any CPU
		{7937286C-F9D4-43E8-8CE4-48E6914908C0}.Debug|Any CPU.Build.0 = Debug|Any CPU
		{7937286C-F9D4-43E8-8CE4-48E6914908C0}.Release|Any CPU.ActiveCfg = Release|Any CPU
		{7937286C-F9D4-43E8-8CE4-48E6914908C0}.Release|Any CPU.Build.0 = Release|Any CPU
	EndGlobalSection
	GlobalSection(SolutionProperties) = preSolution
		HideSolutionNode = FALSE
	EndGlobalSection
	GlobalSection(ExtensibilityGlobals) = postSolution
		SolutionGuid = {61F9A497-C68B-4C67-996D-AF9B4AFE04CE}
	EndGlobalSection
EndGlobal
