
Microsoft Visual Studio Solution File, Format Version 12.00
# Visual Studio Version 16
VisualStudioVersion = 16.0.30804.86
MinimumVisualStudioVersion = 10.0.40219.1
Project("{FAE04EC0-301F-11D3-BF4B-00C04F79EFBC}") = "lab_5.1", "lab_5.1.csproj", "{5C61CA54-1401-4F51-900F-6C9BA391FA74}"
EndProject
Global
	GlobalSection(SolutionConfigurationPlatforms) = preSolution
		Debug|Any CPU = Debug|Any CPU
		Release|Any CPU = Release|Any CPU
	EndGlobalSection
	GlobalSection(ProjectConfigurationPlatforms) = postSolution
		{5C61CA54-1401-4F51-900F-6C9BA391FA74}.Debug|Any CPU.ActiveCfg = Debug|Any CPU
		{5C61CA54-1401-4F51-900F-6C9BA391FA74}.Debug|Any CPU.Build.0 = Debug|Any CPU
		{5C61CA54-1401-4F51-900F-6C9BA391FA74}.Release|Any CPU.ActiveCfg = Release|Any CPU
		{5C61CA54-1401-4F51-900F-6C9BA391FA74}.Release|Any CPU.Build.0 = Release|Any CPU
	EndGlobalSection
	GlobalSection(SolutionProperties) = preSolution
		HideSolutionNode = FALSE
	EndGlobalSection
	GlobalSection(ExtensibilityGlobals) = postSolution
		SolutionGuid = {AA583526-8384-4B28-A51B-1B2CB24A5C82}
	EndGlobalSection
EndGlobal
